// !$*UTF8*$!
{
	archiveVersion = 1;
	classes = {
	};
	objectVersion = 77;
	objects = {

/* Begin PBXBuildFile section */
		CE6E5B9F2D30528100CEAFCC /* Assets.xcassets in Resources */ = {isa = PBXBuildFile; fileRef = CE6E5B962D30528100CEAFCC /* Assets.xcassets */; };
		CE6E5BA32D30528100CEAFCC /* AppDelegate.swift in Sources */ = {isa = PBXBuildFile; fileRef = CE6E5B952D30528100CEAFCC /* AppDelegate.swift */; };
		CE6E5BA42D30528100CEAFCC /* SceneDelegate.swift in Sources */ = {isa = PBXBuildFile; fileRef = CE6E5B9C2D30528100CEAFCC /* SceneDelegate.swift */; };
		CE6E5BA52D30528100CEAFCC /* MainViewController.swift in Sources */ = {isa = PBXBuildFile; fileRef = CE6E5B9D2D30528100CEAFCC /* MainViewController.swift */; };
		CE6E5BAD2D3053D600CEAFCC /* Quotes.swift in Sources */ = {isa = PBXBuildFile; fileRef = CE6E5BAC2D3053D600CEAFCC /* Quotes.swift */; };
		CE6E5BAF2D3055F400CEAFCC /* Links.swift in Sources */ = {isa = PBXBuildFile; fileRef = CE6E5BAE2D3055F400CEAFCC /* Links.swift */; };
		CE6E5BCB2D3057BA00CEAFCC /* CustomCell.swift in Sources */ = {isa = PBXBuildFile; fileRef = CE6E5BCA2D3057BA00CEAFCC /* CustomCell.swift */; };
		CE6E5BCE2D305B6500CEAFCC /* TableViewDelegate + extension.swift in Sources */ = {isa = PBXBuildFile; fileRef = CE6E5BCD2D305B6500CEAFCC /* TableViewDelegate + extension.swift */; };
		CE6E5BD02D305B7F00CEAFCC /* TableViewDataSources + extension.swift in Sources */ = {isa = PBXBuildFile; fileRef = CE6E5BCF2D305B7F00CEAFCC /* TableViewDataSources + extension.swift */; };
		CE83C6742D3304CD00BB041A /* NetworkManager.swift in Sources */ = {isa = PBXBuildFile; fileRef = CE83C6732D3304C800BB041A /* NetworkManager.swift */; };
/* End PBXBuildFile section */

/* Begin PBXFileReference section */
		CE6E5B7D2D30526C00CEAFCC /* Quotes App (working with the network).app */ = {isa = PBXFileReference; explicitFileType = wrapper.application; includeInIndex = 0; path = "Quotes App (working with the network).app"; sourceTree = BUILT_PRODUCTS_DIR; };
		CE6E5B952D30528100CEAFCC /* AppDelegate.swift */ = {isa = PBXFileReference; lastKnownFileType = sourcecode.swift; path = AppDelegate.swift; sourceTree = "<group>"; };
		CE6E5B962D30528100CEAFCC /* Assets.xcassets */ = {isa = PBXFileReference; lastKnownFileType = folder.assetcatalog; path = Assets.xcassets; sourceTree = "<group>"; };
		CE6E5B972D30528100CEAFCC /* Info.plist */ = {isa = PBXFileReference; lastKnownFileType = text.plist.xml; path = Info.plist; sourceTree = "<group>"; };
		CE6E5B9C2D30528100CEAFCC /* SceneDelegate.swift */ = {isa = PBXFileReference; lastKnownFileType = sourcecode.swift; path = SceneDelegate.swift; sourceTree = "<group>"; };
		CE6E5B9D2D30528100CEAFCC /* MainViewController.swift */ = {isa = PBXFileReference; lastKnownFileType = sourcecode.swift; path = MainViewController.swift; sourceTree = "<group>"; };
		CE6E5BAC2D3053D600CEAFCC /* Quotes.swift */ = {isa = PBXFileReference; lastKnownFileType = sourcecode.swift; path = Quotes.swift; sourceTree = "<group>"; };
		CE6E5BAE2D3055F400CEAFCC /* Links.swift */ = {isa = PBXFileReference; lastKnownFileType = sourcecode.swift; path = Links.swift; sourceTree = "<group>"; };
		CE6E5BCA2D3057BA00CEAFCC /* CustomCell.swift */ = {isa = PBXFileReference; lastKnownFileType = sourcecode.swift; path = CustomCell.swift; sourceTree = "<group>"; };
		CE6E5BCD2D305B6500CEAFCC /* TableViewDelegate + extension.swift */ = {isa = PBXFileReference; lastKnownFileType = sourcecode.swift; path = "TableViewDelegate + extension.swift"; sourceTree = "<group>"; };
		CE6E5BCF2D305B7F00CEAFCC /* TableViewDataSources + extension.swift */ = {isa = PBXFileReference; lastKnownFileType = sourcecode.swift; path = "TableViewDataSources + extension.swift"; sourceTree = "<group>"; };
		CE83C6732D3304C800BB041A /* NetworkManager.swift */ = {isa = PBXFileReference; lastKnownFileType = sourcecode.swift; path = NetworkManager.swift; sourceTree = "<group>"; };
/* End PBXFileReference section */

/* Begin PBXFrameworksBuildPhase section */
		CE6E5B7A2D30526C00CEAFCC /* Frameworks */ = {
			isa = PBXFrameworksBuildPhase;
			buildActionMask = 2147483647;
			files = (
			);
			runOnlyForDeploymentPostprocessing = 0;
		};
/* End PBXFrameworksBuildPhase section */

/* Begin PBXGroup section */
		CE6E5B742D30526C00CEAFCC = {
			isa = PBXGroup;
			children = (
				CE6E5B9E2D30528100CEAFCC /* Quotes App (working with the network) */,
				CE6E5B7E2D30526C00CEAFCC /* Products */,
			);
			sourceTree = "<group>";
		};
		CE6E5B7E2D30526C00CEAFCC /* Products */ = {
			isa = PBXGroup;
			children = (
				CE6E5B7D2D30526C00CEAFCC /* Quotes App (working with the network).app */,
			);
			name = Products;
			sourceTree = "<group>";
		};
		CE6E5B9E2D30528100CEAFCC /* Quotes App (working with the network) */ = {
			isa = PBXGroup;
			children = (
				CE6E5BA72D3052C800CEAFCC /* ViewControllers */,
				CE6E5BAA2D3052F100CEAFCC /* Views */,
				CE6E5BA92D3052DF00CEAFCC /* Data */,
				CE6E5BA62D30529600CEAFCC /* Model */,
				CE6E5BA82D3052D600CEAFCC /* Sources */,
				CE6E5BAB2D3052FD00CEAFCC /* App */,
			);
			path = "Quotes App (working with the network)";
			sourceTree = "<group>";
		};
		CE6E5BA62D30529600CEAFCC /* Model */ = {
			isa = PBXGroup;
			children = (
				CE6E5BAC2D3053D600CEAFCC /* Quotes.swift */,
			);
			path = Model;
			sourceTree = "<group>";
		};
		CE6E5BA72D3052C800CEAFCC /* ViewControllers */ = {
			isa = PBXGroup;
			children = (
				CE6E5B9D2D30528100CEAFCC /* MainViewController.swift */,
			);
			path = ViewControllers;
			sourceTree = "<group>";
		};
		CE6E5BA82D3052D600CEAFCC /* Sources */ = {
			isa = PBXGroup;
			children = (
				CE6E5B962D30528100CEAFCC /* Assets.xcassets */,
			);
			path = Sources;
			sourceTree = "<group>";
		};
		CE6E5BA92D3052DF00CEAFCC /* Data */ = {
			isa = PBXGroup;
			children = (
				CE6E5BAE2D3055F400CEAFCC /* Links.swift */,
			);
			path = Data;
			sourceTree = "<group>";
		};
		CE6E5BAA2D3052F100CEAFCC /* Views */ = {
			isa = PBXGroup;
			children = (
				CE6E5BCC2D3057DC00CEAFCC /* Cells */,
				CE6E5BD12D305B8A00CEAFCC /* TableView + extension */,
				CE6E5BD42D30767400CEAFCC /* Network */,
			);
			path = Views;
			sourceTree = "<group>";
		};
		CE6E5BAB2D3052FD00CEAFCC /* App */ = {
			isa = PBXGroup;
			children = (
				CE6E5B952D30528100CEAFCC /* AppDelegate.swift */,
				CE6E5B9C2D30528100CEAFCC /* SceneDelegate.swift */,
				CE6E5B972D30528100CEAFCC /* Info.plist */,
			);
			path = App;
			sourceTree = "<group>";
		};
		CE6E5BCC2D3057DC00CEAFCC /* Cells */ = {
			isa = PBXGroup;
			children = (
				CE6E5BCA2D3057BA00CEAFCC /* CustomCell.swift */,
			);
			path = Cells;
			sourceTree = "<group>";
		};
		CE6E5BD12D305B8A00CEAFCC /* TableView + extension */ = {
			isa = PBXGroup;
			children = (
				CE6E5BCD2D305B6500CEAFCC /* TableViewDelegate + extension.swift */,
				CE6E5BCF2D305B7F00CEAFCC /* TableViewDataSources + extension.swift */,
			);
			path = "TableView + extension";
			sourceTree = "<group>";
		};
		CE6E5BD42D30767400CEAFCC /* Network */ = {
			isa = PBXGroup;
			children = (
				CE83C6732D3304C800BB041A /* NetworkManager.swift */,
			);
			path = Network;
			sourceTree = "<group>";
		};
/* End PBXGroup section */

/* Begin PBXNativeTarget section */
		CE6E5B7C2D30526C00CEAFCC /* Quotes App (working with the network) */ = {
			isa = PBXNativeTarget;
			buildConfigurationList = CE6E5B902D30526F00CEAFCC /* Build configuration list for PBXNativeTarget "Quotes App (working with the network)" */;
			buildPhases = (
				CE6E5B792D30526C00CEAFCC /* Sources */,
				CE6E5B7A2D30526C00CEAFCC /* Frameworks */,
				CE6E5B7B2D30526C00CEAFCC /* Resources */,
			);
			buildRules = (
			);
			dependencies = (
			);
			name = "Quotes App (working with the network)";
			packageProductDependencies = (
			);
			productName = "Quotes App (working with the network)";
			productReference = CE6E5B7D2D30526C00CEAFCC /* Quotes App (working with the network).app */;
			productType = "com.apple.product-type.application";
		};
/* End PBXNativeTarget section */

/* Begin PBXProject section */
		CE6E5B752D30526C00CEAFCC /* Project object */ = {
			isa = PBXProject;
			attributes = {
				BuildIndependentTargetsInParallel = 1;
				LastSwiftUpdateCheck = 1620;
				LastUpgradeCheck = 1620;
				TargetAttributes = {
					CE6E5B7C2D30526C00CEAFCC = {
						CreatedOnToolsVersion = 16.2;
					};
				};
			};
			buildConfigurationList = CE6E5B782D30526C00CEAFCC /* Build configuration list for PBXProject "Quotes App (working with the network)" */;
			developmentRegion = en;
			hasScannedForEncodings = 0;
			knownRegions = (
				en,
				Base,
			);
			mainGroup = CE6E5B742D30526C00CEAFCC;
			minimizedProjectReferenceProxies = 1;
			preferredProjectObjectVersion = 77;
			productRefGroup = CE6E5B7E2D30526C00CEAFCC /* Products */;
			projectDirPath = "";
			projectRoot = "";
			targets = (
				CE6E5B7C2D30526C00CEAFCC /* Quotes App (working with the network) */,
			);
		};
/* End PBXProject section */

/* Begin PBXResourcesBuildPhase section */
		CE6E5B7B2D30526C00CEAFCC /* Resources */ = {
			isa = PBXResourcesBuildPhase;
			buildActionMask = 2147483647;
			files = (
				CE6E5B9F2D30528100CEAFCC /* Assets.xcassets in Resources */,
			);
			runOnlyForDeploymentPostprocessing = 0;
		};
/* End PBXResourcesBuildPhase section */

/* Begin PBXSourcesBuildPhase section */
		CE6E5B792D30526C00CEAFCC /* Sources */ = {
			isa = PBXSourcesBuildPhase;
			buildActionMask = 2147483647;
			files = (
				CE6E5BAD2D3053D600CEAFCC /* Quotes.swift in Sources */,
				CE83C6742D3304CD00BB041A /* NetworkManager.swift in Sources */,
				CE6E5BCB2D3057BA00CEAFCC /* CustomCell.swift in Sources */,
				CE6E5BAF2D3055F400CEAFCC /* Links.swift in Sources */,
				CE6E5BA32D30528100CEAFCC /* AppDelegate.swift in Sources */,
				CE6E5BD02D305B7F00CEAFCC /* TableViewDataSources + extension.swift in Sources */,
				CE6E5BA42D30528100CEAFCC /* SceneDelegate.swift in Sources */,
				CE6E5BCE2D305B6500CEAFCC /* TableViewDelegate + extension.swift in Sources */,
				CE6E5BA52D30528100CEAFCC /* MainViewController.swift in Sources */,
			);
			runOnlyForDeploymentPostprocessing = 0;
		};
/* End PBXSourcesBuildPhase section */

/* Begin XCBuildConfiguration section */
		CE6E5B912D30526F00CEAFCC /* Debug */ = {
			isa = XCBuildConfiguration;
			buildSettings = {
				ASSETCATALOG_COMPILER_APPICON_NAME = AppIcon;
				ASSETCATALOG_COMPILER_GLOBAL_ACCENT_COLOR_NAME = AccentColor;
				CODE_SIGN_STYLE = Automatic;
				CURRENT_PROJECT_VERSION = 1;
				DEVELOPMENT_TEAM = 24Q9WM75S6;
				GENERATE_INFOPLIST_FILE = YES;
				INFOPLIST_FILE = "Quotes App (working with the network)/App/Info.plist";
				INFOPLIST_KEY_UIApplicationSupportsIndirectInputEvents = YES;
				INFOPLIST_KEY_UILaunchStoryboardName = LaunchScreen;
				INFOPLIST_KEY_UISupportedInterfaceOrientations_iPad = "UIInterfaceOrientationPortrait UIInterfaceOrientationPortraitUpsideDown UIInterfaceOrientationLandscapeLeft UIInterfaceOrientationLandscapeRight";
				INFOPLIST_KEY_UISupportedInterfaceOrientations_iPhone = "UIInterfaceOrientationPortrait UIInterfaceOrientationLandscapeLeft UIInterfaceOrientationLandscapeRight";
				LD_RUNPATH_SEARCH_PATHS = (
					"$(inherited)",
					"@executable_path/Frameworks",
				);
				MARKETING_VERSION = 1.0;
				PRODUCT_BUNDLE_IDENTIFIER = "halushko.Quotes-App--working-with-the-network-";
				PRODUCT_NAME = "$(TARGET_NAME)";
				SUPPORTED_PLATFORMS = "iphoneos iphonesimulator";
				SUPPORTS_MACCATALYST = NO;
				SUPPORTS_MAC_DESIGNED_FOR_IPHONE_IPAD = NO;
				SUPPORTS_XR_DESIGNED_FOR_IPHONE_IPAD = NO;
				SWIFT_EMIT_LOC_STRINGS = YES;
				SWIFT_VERSION = 5.0;
				TARGETED_DEVICE_FAMILY = 1;
			};
			name = Debug;
		};
		CE6E5B922D30526F00CEAFCC /* Release */ = {
			isa = XCBuildConfiguration;
			buildSettings = {
				ASSETCATALOG_COMPILER_APPICON_NAME = AppIcon;
				ASSETCATALOG_COMPILER_GLOBAL_ACCENT_COLOR_NAME = AccentColor;
				CODE_SIGN_STYLE = Automatic;
				CURRENT_PROJECT_VERSION = 1;
				DEVELOPMENT_TEAM = 24Q9WM75S6;
				GENERATE_INFOPLIST_FILE = YES;
				INFOPLIST_FILE = "Quotes App (working with the network)/App/Info.plist";
				INFOPLIST_KEY_UIApplicationSupportsIndirectInputEvents = YES;
				INFOPLIST_KEY_UILaunchStoryboardName = LaunchScreen;
				INFOPLIST_KEY_UISupportedInterfaceOrientations_iPad = "UIInterfaceOrientationPortrait UIInterfaceOrientationPortraitUpsideDown UIInterfaceOrientationLandscapeLeft UIInterfaceOrientationLandscapeRight";
				INFOPLIST_KEY_UISupportedInterfaceOrientations_iPhone = "UIInterfaceOrientationPortrait UIInterfaceOrientationLandscapeLeft UIInterfaceOrientationLandscapeRight";
				LD_RUNPATH_SEARCH_PATHS = (
					"$(inherited)",
					"@executable_path/Frameworks",
				);
				MARKETING_VERSION = 1.0;
				PRODUCT_BUNDLE_IDENTIFIER = "halushko.Quotes-App--working-with-the-network-";
				PRODUCT_NAME = "$(TARGET_NAME)";
				SUPPORTED_PLATFORMS = "iphoneos iphonesimulator";
				SUPPORTS_MACCATALYST = NO;
				SUPPORTS_MAC_DESIGNED_FOR_IPHONE_IPAD = NO;
				SUPPORTS_XR_DESIGNED_FOR_IPHONE_IPAD = NO;
				SWIFT_EMIT_LOC_STRINGS = YES;
				SWIFT_VERSION = 5.0;
				TARGETED_DEVICE_FAMILY = 1;
			};
			name = Release;
		};
		CE6E5B932D30526F00CEAFCC /* Debug */ = {
			isa = XCBuildConfiguration;
			buildSettings = {
				ALWAYS_SEARCH_USER_PATHS = NO;
				ASSETCATALOG_COMPILER_GENERATE_SWIFT_ASSET_SYMBOL_EXTENSIONS = YES;
				CLANG_ANALYZER_NONNULL = YES;
				CLANG_ANALYZER_NUMBER_OBJECT_CONVERSION = YES_AGGRESSIVE;
				CLANG_CXX_LANGUAGE_STANDARD = "gnu++20";
				CLANG_ENABLE_MODULES = YES;
				CLANG_ENABLE_OBJC_ARC = YES;
				CLANG_ENABLE_OBJC_WEAK = YES;
				CLANG_WARN_BLOCK_CAPTURE_AUTORELEASING = YES;
				CLANG_WARN_BOOL_CONVERSION = YES;
				CLANG_WARN_COMMA = YES;
				CLANG_WARN_CONSTANT_CONVERSION = YES;
				CLANG_WARN_DEPRECATED_OBJC_IMPLEMENTATIONS = YES;
				CLANG_WARN_DIRECT_OBJC_ISA_USAGE = YES_ERROR;
				CLANG_WARN_DOCUMENTATION_COMMENTS = YES;
				CLANG_WARN_EMPTY_BODY = YES;
				CLANG_WARN_ENUM_CONVERSION = YES;
				CLANG_WARN_INFINITE_RECURSION = YES;
				CLANG_WARN_INT_CONVERSION = YES;
				CLANG_WARN_NON_LITERAL_NULL_CONVERSION = YES;
				CLANG_WARN_OBJC_IMPLICIT_RETAIN_SELF = YES;
				CLANG_WARN_OBJC_LITERAL_CONVERSION = YES;
				CLANG_WARN_OBJC_ROOT_CLASS = YES_ERROR;
				CLANG_WARN_QUOTED_INCLUDE_IN_FRAMEWORK_HEADER = YES;
				CLANG_WARN_RANGE_LOOP_ANALYSIS = YES;
				CLANG_WARN_STRICT_PROTOTYPES = YES;
				CLANG_WARN_SUSPICIOUS_MOVE = YES;
				CLANG_WARN_UNGUARDED_AVAILABILITY = YES_AGGRESSIVE;
				CLANG_WARN_UNREACHABLE_CODE = YES;
				CLANG_WARN__DUPLICATE_METHOD_MATCH = YES;
				COPY_PHASE_STRIP = NO;
				DEBUG_INFORMATION_FORMAT = dwarf;
				ENABLE_STRICT_OBJC_MSGSEND = YES;
				ENABLE_TESTABILITY = YES;
				ENABLE_USER_SCRIPT_SANDBOXING = YES;
				GCC_C_LANGUAGE_STANDARD = gnu17;
				GCC_DYNAMIC_NO_PIC = NO;
				GCC_NO_COMMON_BLOCKS = YES;
				GCC_OPTIMIZATION_LEVEL = 0;
				GCC_PREPROCESSOR_DEFINITIONS = (
					"DEBUG=1",
					"$(inherited)",
				);
				GCC_WARN_64_TO_32_BIT_CONVERSION = YES;
				GCC_WARN_ABOUT_RETURN_TYPE = YES_ERROR;
				GCC_WARN_UNDECLARED_SELECTOR = YES;
				GCC_WARN_UNINITIALIZED_AUTOS = YES_AGGRESSIVE;
				GCC_WARN_UNUSED_FUNCTION = YES;
				GCC_WARN_UNUSED_VARIABLE = YES;
				IPHONEOS_DEPLOYMENT_TARGET = 18.2;
				LOCALIZATION_PREFERS_STRING_CATALOGS = YES;
				MTL_ENABLE_DEBUG_INFO = INCLUDE_SOURCE;
				MTL_FAST_MATH = YES;
				ONLY_ACTIVE_ARCH = YES;
				SDKROOT = iphoneos;
				SWIFT_ACTIVE_COMPILATION_CONDITIONS = "DEBUG $(inherited)";
				SWIFT_OPTIMIZATION_LEVEL = "-Onone";
			};
			name = Debug;
		};
		CE6E5B942D30526F00CEAFCC /* Release */ = {
			isa = XCBuildConfiguration;
			buildSettings = {
				ALWAYS_SEARCH_USER_PATHS = NO;
				ASSETCATALOG_COMPILER_GENERATE_SWIFT_ASSET_SYMBOL_EXTENSIONS = YES;
				CLANG_ANALYZER_NONNULL = YES;
				CLANG_ANALYZER_NUMBER_OBJECT_CONVERSION = YES_AGGRESSIVE;
				CLANG_CXX_LANGUAGE_STANDARD = "gnu++20";
				CLANG_ENABLE_MODULES = YES;
				CLANG_ENABLE_OBJC_ARC = YES;
				CLANG_ENABLE_OBJC_WEAK = YES;
				CLANG_WARN_BLOCK_CAPTURE_AUTORELEASING = YES;
				CLANG_WARN_BOOL_CONVERSION = YES;
				CLANG_WARN_COMMA = YES;
				CLANG_WARN_CONSTANT_CONVERSION = YES;
				CLANG_WARN_DEPRECATED_OBJC_IMPLEMENTATIONS = YES;
				CLANG_WARN_DIRECT_OBJC_ISA_USAGE = YES_ERROR;
				CLANG_WARN_DOCUMENTATION_COMMENTS = YES;
				CLANG_WARN_EMPTY_BODY = YES;
				CLANG_WARN_ENUM_CONVERSION = YES;
				CLANG_WARN_INFINITE_RECURSION = YES;
				CLANG_WARN_INT_CONVERSION = YES;
				CLANG_WARN_NON_LITERAL_NULL_CONVERSION = YES;
				CLANG_WARN_OBJC_IMPLICIT_RETAIN_SELF = YES;
				CLANG_WARN_OBJC_LITERAL_CONVERSION = YES;
				CLANG_WARN_OBJC_ROOT_CLASS = YES_ERROR;
				CLANG_WARN_QUOTED_INCLUDE_IN_FRAMEWORK_HEADER = YES;
				CLANG_WARN_RANGE_LOOP_ANALYSIS = YES;
				CLANG_WARN_STRICT_PROTOTYPES = YES;
				CLANG_WARN_SUSPICIOUS_MOVE = YES;
				CLANG_WARN_UNGUARDED_AVAILABILITY = YES_AGGRESSIVE;
				CLANG_WARN_UNREACHABLE_CODE = YES;
				CLANG_WARN__DUPLICATE_METHOD_MATCH = YES;
				COPY_PHASE_STRIP = NO;
				DEBUG_INFORMATION_FORMAT = "dwarf-with-dsym";
				ENABLE_NS_ASSERTIONS = NO;
				ENABLE_STRICT_OBJC_MSGSEND = YES;
				ENABLE_USER_SCRIPT_SANDBOXING = YES;
				GCC_C_LANGUAGE_STANDARD = gnu17;
				GCC_NO_COMMON_BLOCKS = YES;
				GCC_WARN_64_TO_32_BIT_CONVERSION = YES;
				GCC_WARN_ABOUT_RETURN_TYPE = YES_ERROR;
				GCC_WARN_UNDECLARED_SELECTOR = YES;
				GCC_WARN_UNINITIALIZED_AUTOS = YES_AGGRESSIVE;
				GCC_WARN_UNUSED_FUNCTION = YES;
				GCC_WARN_UNUSED_VARIABLE = YES;
				IPHONEOS_DEPLOYMENT_TARGET = 18.2;
				LOCALIZATION_PREFERS_STRING_CATALOGS = YES;
				MTL_ENABLE_DEBUG_INFO = NO;
				MTL_FAST_MATH = YES;
				SDKROOT = iphoneos;
				SWIFT_COMPILATION_MODE = wholemodule;
				VALIDATE_PRODUCT = YES;
			};
			name = Release;
		};
/* End XCBuildConfiguration section */

/* Begin XCConfigurationList section */
		CE6E5B782D30526C00CEAFCC /* Build configuration list for PBXProject "Quotes App (working with the network)" */ = {
			isa = XCConfigurationList;
			buildConfigurations = (
				CE6E5B932D30526F00CEAFCC /* Debug */,
				CE6E5B942D30526F00CEAFCC /* Release */,
			);
			defaultConfigurationIsVisible = 0;
			defaultConfigurationName = Release;
		};
		CE6E5B902D30526F00CEAFCC /* Build configuration list for PBXNativeTarget "Quotes App (working with the network)" */ = {
			isa = XCConfigurationList;
			buildConfigurations = (
				CE6E5B912D30526F00CEAFCC /* Debug */,
				CE6E5B922D30526F00CEAFCC /* Release */,
			);
			defaultConfigurationIsVisible = 0;
			defaultConfigurationName = Release;
		};
/* End XCConfigurationList section */
	};
	rootObject = CE6E5B752D30526C00CEAFCC /* Project object */;
}
